
Microsoft Visual Studio Solution File, Format Version 11.00
# Visual Studio 2010
Project("{F184B08F-C81C-45F6-A57F-5ABD9991F28F}") = "VB.WpfDemo", "WpfDemo\VB.WpfDemo.vbproj", "{590001BE-BE8F-4C5B-A9DC-0C86A187F59C}"
EndProject
Project("{F184B08F-C81C-45F6-A57F-5ABD9991F28F}") = "VB.ReportLibrary", "ReportLibrary\VB.ReportLibrary.vbproj", "{E055131B-D8E9-49DB-A664-948E345F3703}"
EndProject
Project("{F184B08F-C81C-45F6-A57F-5ABD9991F28F}") = "VB.SilverlightDemo", "SilverlightDemo\VB.SilverlightDemo.vbproj", "{2ECC1874-CC18-47CD-A238-24FE5A750854}"
EndProject
Project("{F184B08F-C81C-45F6-A57F-5ABD9991F28F}") = "VB.SilverlightDemo.Web", "SilverlightDemo.Web\VB.SilverlightDemo.Web.vbproj", "{F1C122E7-D385-4911-98A2-A968B299D829}"
EndProject
Project("{F184B08F-C81C-45F6-A57F-5ABD9991F28F}") = "VB.Html5Demo", "Html5Demo\VB.Html5Demo.vbproj", "{87D68A50-56B7-4AFF-91DA-39C82C320F15}"
EndProject
Project("{F184B08F-C81C-45F6-A57F-5ABD9991F28F}") = "VB.WebFormsDemo", "WebFormsDemo\VB.WebFormsDemo.vbproj", "{5F970F8C-B386-4ADB-ABF5-22DA274B5201}"
EndProject
Project("{F184B08F-C81C-45F6-A57F-5ABD9991F28F}") = "VB.WinFormsDemo", "WinFormsDemo\VB.WinFormsDemo.vbproj", "{5338B8E5-531F-4555-B2FE-0E266E77068B}"
EndProject
Project("{F184B08F-C81C-45F6-A57F-5ABD9991F28F}") = "VB.MvcDemo", "MvcDemo\VB.MvcDemo.vbproj", "{DD46235A-DBCA-413E-96B7-B23A99C20A83}"
EndProject
Project("{2150E333-8FDC-42A3-9474-1A3956D46DE8}") = "Solution Items", "Solution Items", "{A2825703-BC63-4828-9258-A111A1D6ECF5}"
	ProjectSection(SolutionItems) = preProject
		..\Readme.txt = ..\Readme.txt
	EndProjectSection
EndProject
Global
	GlobalSection(SolutionConfigurationPlatforms) = preSolution
		Debug|Any CPU = Debug|Any CPU
		Release|Any CPU = Release|Any CPU
	EndGlobalSection
	GlobalSection(ProjectConfigurationPlatforms) = postSolution
		{590001BE-BE8F-4C5B-A9DC-0C86A187F59C}.Debug|Any CPU.ActiveCfg = Debug|Any CPU
		{590001BE-BE8F-4C5B-A9DC-0C86A187F59C}.Debug|Any CPU.Build.0 = Debug|Any CPU
		{590001BE-BE8F-4C5B-A9DC-0C86A187F59C}.Release|Any CPU.ActiveCfg = Release|Any CPU
		{590001BE-BE8F-4C5B-A9DC-0C86A187F59C}.Release|Any CPU.Build.0 = Release|Any CPU
		{E055131B-D8E9-49DB-A664-948E345F3703}.Debug|Any CPU.ActiveCfg = Debug|Any CPU
		{E055131B-D8E9-49DB-A664-948E345F3703}.Debug|Any CPU.Build.0 = Debug|Any CPU
		{E055131B-D8E9-49DB-A664-948E345F3703}.Release|Any CPU.ActiveCfg = Release|Any CPU
		{E055131B-D8E9-49DB-A664-948E345F3703}.Release|Any CPU.Build.0 = Release|Any CPU
		{2ECC1874-CC18-47CD-A238-24FE5A750854}.Debug|Any CPU.ActiveCfg = Debug|Any CPU
		{2ECC1874-CC18-47CD-A238-24FE5A750854}.Debug|Any CPU.Build.0 = Debug|Any CPU
		{2ECC1874-CC18-47CD-A238-24FE5A750854}.Release|Any CPU.ActiveCfg = Release|Any CPU
		{2ECC1874-CC18-47CD-A238-24FE5A750854}.Release|Any CPU.Build.0 = Release|Any CPU
		{F1C122E7-D385-4911-98A2-A968B299D829}.Debug|Any CPU.ActiveCfg = Debug|Any CPU
		{F1C122E7-D385-4911-98A2-A968B299D829}.Debug|Any CPU.Build.0 = Debug|Any CPU
		{F1C122E7-D385-4911-98A2-A968B299D829}.Release|Any CPU.ActiveCfg = Release|Any CPU
		{F1C122E7-D385-4911-98A2-A968B299D829}.Release|Any CPU.Build.0 = Release|Any CPU
		{87D68A50-56B7-4AFF-91DA-39C82C320F15}.Debug|Any CPU.ActiveCfg = Debug|Any CPU
		{87D68A50-56B7-4AFF-91DA-39C82C320F15}.Debug|Any CPU.Build.0 = Debug|Any CPU
		{87D68A50-56B7-4AFF-91DA-39C82C320F15}.Release|Any CPU.ActiveCfg = Release|Any CPU
		{87D68A50-56B7-4AFF-91DA-39C82C320F15}.Release|Any CPU.Build.0 = Release|Any CPU
		{5F970F8C-B386-4ADB-ABF5-22DA274B5201}.Debug|Any CPU.ActiveCfg = Debug|Any CPU
		{5F970F8C-B386-4ADB-ABF5-22DA274B5201}.Debug|Any CPU.Build.0 = Debug|Any CPU
		{5F970F8C-B386-4ADB-ABF5-22DA274B5201}.Release|Any CPU.ActiveCfg = Release|Any CPU
		{5F970F8C-B386-4ADB-ABF5-22DA274B5201}.Release|Any CPU.Build.0 = Release|Any CPU
		{5338B8E5-531F-4555-B2FE-0E266E77068B}.Debug|Any CPU.ActiveCfg = Debug|Any CPU
		{5338B8E5-531F-4555-B2FE-0E266E77068B}.Debug|Any CPU.Build.0 = Debug|Any CPU
		{5338B8E5-531F-4555-B2FE-0E266E77068B}.Release|Any CPU.ActiveCfg = Release|Any CPU
		{5338B8E5-531F-4555-B2FE-0E266E77068B}.Release|Any CPU.Build.0 = Release|Any CPU
		{DD46235A-DBCA-413E-96B7-B23A99C20A83}.Debug|Any CPU.ActiveCfg = Debug|Any CPU
		{DD46235A-DBCA-413E-96B7-B23A99C20A83}.Debug|Any CPU.Build.0 = Debug|Any CPU
		{DD46235A-DBCA-413E-96B7-B23A99C20A83}.Release|Any CPU.ActiveCfg = Release|Any CPU
		{DD46235A-DBCA-413E-96B7-B23A99C20A83}.Release|Any CPU.Build.0 = Release|Any CPU
	EndGlobalSection
	GlobalSection(SolutionProperties) = preSolution
		HideSolutionNode = FALSE
	EndGlobalSection
EndGlobal
